
Microsoft Visual Studio Solution File, Format Version 12.00
# Visual Studio Version 17
VisualStudioVersion = 17.9.34723.18
MinimumVisualStudioVersion = 10.0.40219.1
Project("{FAE04EC0-301F-11D3-BF4B-00C04F79EFBC}") = "PryLopresti20250505", "PryLopresti20250505\PryLopresti20250505.csproj", "{DA33C11E-A01E-42CD-8FDA-CDD036BDEAB4}"
EndProject
Global
	GlobalSection(SolutionConfigurationPlatforms) = preSolution
		Debug|Any CPU = Debug|Any CPU
		Release|Any CPU = Release|Any CPU
	EndGlobalSection
	GlobalSection(ProjectConfigurationPlatforms) = postSolution
		{DA33C11E-A01E-42CD-8FDA-CDD036BDEAB4}.Debug|Any CPU.ActiveCfg = Debug|Any CPU
		{DA33C11E-A01E-42CD-8FDA-CDD036BDEAB4}.Debug|Any CPU.Build.0 = Debug|Any CPU
		{DA33C11E-A01E-42CD-8FDA-CDD036BDEAB4}.Release|Any CPU.ActiveCfg = Release|Any CPU
		{DA33C11E-A01E-42CD-8FDA-CDD036BDEAB4}.Release|Any CPU.Build.0 = Release|Any CPU
	EndGlobalSection
	GlobalSection(SolutionProperties) = preSolution
		HideSolutionNode = FALSE
	EndGlobalSection
	GlobalSection(ExtensibilityGlobals) = postSolution
		SolutionGuid = {FE67A392-4437-465F-8082-C3E3B12D7942}
	EndGlobalSection
EndGlobal
